
Microsoft Visual Studio Solution File, Format Version 12.00
# Visual Studio Version 17
VisualStudioVersion = 17.9.34607.119
MinimumVisualStudioVersion = 10.0.40219.1
Project("{FAE04EC0-301F-11D3-BF4B-00C04F79EFBC}") = "mshop", "mshop\mshop.csproj", "{951C4122-A95F-4875-83BB-EB091AC8B380}"
EndProject
Global
	GlobalSection(SolutionConfigurationPlatforms) = preSolution
		Debug|Any CPU = Debug|Any CPU
		Release|Any CPU = Release|Any CPU
	EndGlobalSection
	GlobalSection(ProjectConfigurationPlatforms) = postSolution
		{951C4122-A95F-4875-83BB-EB091AC8B380}.Debug|Any CPU.ActiveCfg = Debug|Any CPU
		{951C4122-A95F-4875-83BB-EB091AC8B380}.Debug|Any CPU.Build.0 = Debug|Any CPU
		{951C4122-A95F-4875-83BB-EB091AC8B380}.Release|Any CPU.ActiveCfg = Release|Any CPU
		{951C4122-A95F-4875-83BB-EB091AC8B380}.Release|Any CPU.Build.0 = Release|Any CPU
	EndGlobalSection
	GlobalSection(SolutionProperties) = preSolution
		HideSolutionNode = FALSE
	EndGlobalSection
	GlobalSection(ExtensibilityGlobals) = postSolution
		SolutionGuid = {6B50DDBC-0FE3-4653-BA64-2ED07B2BCAE0}
	EndGlobalSection
EndGlobal
